{
    "_meta": {
        "hash": {
            "sha256": "0cc0579853cc8a33542710204558e019020be54be9402ac2f1794ae6b334ace3"
        },
        "pipfile-spec": 6,
        "requires": {
            "python_version": "3.13"
        },
        "sources": [
            {
                "name": "pypi",
                "url": "https://pypi.org/simple",
                "verify_ssl": true
            }
        ]
    },
    "default": {
        "certifi": {
            "hashes": [
                "sha256:3d5da6925056f6f18f119200434a4780a94263f10d1c21d032a6f6b2baa20651",
                "sha256:ca78db4565a652026a4db2bcdf68f2fb589ea80d0be70e03929ed730746b84fe"
            ],
            "markers": "python_version >= '3.6'",
            "version": "==2025.1.31"
        },
        "elastic-transport": {
            "hashes": [
                "sha256:59f553300866750e67a38828fede000576562a0e66930c641adb75249e0c95af",
                "sha256:e755f38f99fa6ec5456e236b8e58f0eb18873ac8fe710f74b91a16dd562de2a5"
            ],
            "markers": "python_version >= '3.8'",
            "version": "==8.17.0"
        },
        "elasticsearch": {
            "hashes": [
                "sha256:057ab44cae8b3acffbf826a31678e46eafc38f26fcffa91015352d973299cdf0",
                "sha256:f1de0a075f12cc0fa377668eb4fb2ce02185c060ebb50cf2c3889242f9a5130e"
            ],
            "index": "pypi",
            "markers": "python_version >= '3.8'",
            "version": "==8.17.1"
        },
        "urllib3": {
            "hashes": [
                "sha256:1cee9ad369867bfdbbb48b7dd50374c0967a0bb7710050facf0dd6911440e3df",
                "sha256:f8c5449b3cf0861679ce7e0503c7b44b5ec981bec0d1d3795a07f1ba96f0204d"
            ],
            "markers": "python_version >= '3.9'",
            "version": "==2.3.0"
        }
    },
    "develop": {}
}
